
Microsoft Visual Studio Solution File, Format Version 12.00
# Visual Studio Version 17
VisualStudioVersion = 17.0.31903.59
MinimumVisualStudioVersion = 10.0.40219.1
Project("{FAE04EC0-301F-11D3-BF4B-00C04F79EFBC}") = "Library.Domain", "Library.Domain\Library.Domain.csproj", "{07BB554D-FF09-48DB-B748-CFC756992DA3}"
EndProject
Project("{FAE04EC0-301F-11D3-BF4B-00C04F79EFBC}") = "Library.Data", "Library.Data\Library.Data.csproj", "{5C4F11CB-8743-4AB2-A821-2629D5372881}"
EndProject
Project("{FAE04EC0-301F-11D3-BF4B-00C04F79EFBC}") = "Library.Service", "Library.Service\Library.Service.csproj", "{B3E6449F-05B3-41A0-BD23-3515CBD977B1}"
EndProject
Project("{FAE04EC0-301F-11D3-BF4B-00C04F79EFBC}") = "Library.Tests", "Library.Tests\Library.Tests.csproj", "{4D913F0E-60CD-421E-BA3A-CECF408EAC1B}"
EndProject
Project("{FAE04EC0-301F-11D3-BF4B-00C04F79EFBC}") = "Library.ConsoleApp", "Library.ConsoleApp\Library.ConsoleApp.csproj", "{645F4997-8B07-4855-B23F-56E8264C8D11}"
EndProject
Global
	GlobalSection(SolutionConfigurationPlatforms) = preSolution
		Debug|Any CPU = Debug|Any CPU
		Debug|x64 = Debug|x64
		Debug|x86 = Debug|x86
		Release|Any CPU = Release|Any CPU
		Release|x64 = Release|x64
		Release|x86 = Release|x86
	EndGlobalSection
	GlobalSection(ProjectConfigurationPlatforms) = postSolution
		{07BB554D-FF09-48DB-B748-CFC756992DA3}.Debug|Any CPU.ActiveCfg = Debug|Any CPU
		{07BB554D-FF09-48DB-B748-CFC756992DA3}.Debug|Any CPU.Build.0 = Debug|Any CPU
		{07BB554D-FF09-48DB-B748-CFC756992DA3}.Debug|x64.ActiveCfg = Debug|Any CPU
		{07BB554D-FF09-48DB-B748-CFC756992DA3}.Debug|x64.Build.0 = Debug|Any CPU
		{07BB554D-FF09-48DB-B748-CFC756992DA3}.Debug|x86.ActiveCfg = Debug|Any CPU
		{07BB554D-FF09-48DB-B748-CFC756992DA3}.Debug|x86.Build.0 = Debug|Any CPU
		{07BB554D-FF09-48DB-B748-CFC756992DA3}.Release|Any CPU.ActiveCfg = Release|Any CPU
		{07BB554D-FF09-48DB-B748-CFC756992DA3}.Release|Any CPU.Build.0 = Release|Any CPU
		{07BB554D-FF09-48DB-B748-CFC756992DA3}.Release|x64.ActiveCfg = Release|Any CPU
		{07BB554D-FF09-48DB-B748-CFC756992DA3}.Release|x64.Build.0 = Release|Any CPU
		{07BB554D-FF09-48DB-B748-CFC756992DA3}.Release|x86.ActiveCfg = Release|Any CPU
		{07BB554D-FF09-48DB-B748-CFC756992DA3}.Release|x86.Build.0 = Release|Any CPU
		{5C4F11CB-8743-4AB2-A821-2629D5372881}.Debug|Any CPU.ActiveCfg = Debug|Any CPU
		{5C4F11CB-8743-4AB2-A821-2629D5372881}.Debug|Any CPU.Build.0 = Debug|Any CPU
		{5C4F11CB-8743-4AB2-A821-2629D5372881}.Debug|x64.ActiveCfg = Debug|Any CPU
		{5C4F11CB-8743-4AB2-A821-2629D5372881}.Debug|x64.Build.0 = Debug|Any CPU
		{5C4F11CB-8743-4AB2-A821-2629D5372881}.Debug|x86.ActiveCfg = Debug|Any CPU
		{5C4F11CB-8743-4AB2-A821-2629D5372881}.Debug|x86.Build.0 = Debug|Any CPU
		{5C4F11CB-8743-4AB2-A821-2629D5372881}.Release|Any CPU.ActiveCfg = Release|Any CPU
		{5C4F11CB-8743-4AB2-A821-2629D5372881}.Release|Any CPU.Build.0 = Release|Any CPU
		{5C4F11CB-8743-4AB2-A821-2629D5372881}.Release|x64.ActiveCfg = Release|Any CPU
		{5C4F11CB-8743-4AB2-A821-2629D5372881}.Release|x64.Build.0 = Release|Any CPU
		{5C4F11CB-8743-4AB2-A821-2629D5372881}.Release|x86.ActiveCfg = Release|Any CPU
		{5C4F11CB-8743-4AB2-A821-2629D5372881}.Release|x86.Build.0 = Release|Any CPU
		{B3E6449F-05B3-41A0-BD23-3515CBD977B1}.Debug|Any CPU.ActiveCfg = Debug|Any CPU
		{B3E6449F-05B3-41A0-BD23-3515CBD977B1}.Debug|Any CPU.Build.0 = Debug|Any CPU
		{B3E6449F-05B3-41A0-BD23-3515CBD977B1}.Debug|x64.ActiveCfg = Debug|Any CPU
		{B3E6449F-05B3-41A0-BD23-3515CBD977B1}.Debug|x64.Build.0 = Debug|Any CPU
		{B3E6449F-05B3-41A0-BD23-3515CBD977B1}.Debug|x86.ActiveCfg = Debug|Any CPU
		{B3E6449F-05B3-41A0-BD23-3515CBD977B1}.Debug|x86.Build.0 = Debug|Any CPU
		{B3E6449F-05B3-41A0-BD23-3515CBD977B1}.Release|Any CPU.ActiveCfg = Release|Any CPU
		{B3E6449F-05B3-41A0-BD23-3515CBD977B1}.Release|Any CPU.Build.0 = Release|Any CPU
		{B3E6449F-05B3-41A0-BD23-3515CBD977B1}.Release|x64.ActiveCfg = Release|Any CPU
		{B3E6449F-05B3-41A0-BD23-3515CBD977B1}.Release|x64.Build.0 = Release|Any CPU
		{B3E6449F-05B3-41A0-BD23-3515CBD977B1}.Release|x86.ActiveCfg = Release|Any CPU
		{B3E6449F-05B3-41A0-BD23-3515CBD977B1}.Release|x86.Build.0 = Release|Any CPU
		{4D913F0E-60CD-421E-BA3A-CECF408EAC1B}.Debug|Any CPU.ActiveCfg = Debug|Any CPU
		{4D913F0E-60CD-421E-BA3A-CECF408EAC1B}.Debug|Any CPU.Build.0 = Debug|Any CPU
		{4D913F0E-60CD-421E-BA3A-CECF408EAC1B}.Debug|x64.ActiveCfg = Debug|Any CPU
		{4D913F0E-60CD-421E-BA3A-CECF408EAC1B}.Debug|x64.Build.0 = Debug|Any CPU
		{4D913F0E-60CD-421E-BA3A-CECF408EAC1B}.Debug|x86.ActiveCfg = Debug|Any CPU
		{4D913F0E-60CD-421E-BA3A-CECF408EAC1B}.Debug|x86.Build.0 = Debug|Any CPU
		{4D913F0E-60CD-421E-BA3A-CECF408EAC1B}.Release|Any CPU.ActiveCfg = Release|Any CPU
		{4D913F0E-60CD-421E-BA3A-CECF408EAC1B}.Release|Any CPU.Build.0 = Release|Any CPU
		{4D913F0E-60CD-421E-BA3A-CECF408EAC1B}.Release|x64.ActiveCfg = Release|Any CPU
		{4D913F0E-60CD-421E-BA3A-CECF408EAC1B}.Release|x64.Build.0 = Release|Any CPU
		{4D913F0E-60CD-421E-BA3A-CECF408EAC1B}.Release|x86.ActiveCfg = Release|Any CPU
		{4D913F0E-60CD-421E-BA3A-CECF408EAC1B}.Release|x86.Build.0 = Release|Any CPU
		{645F4997-8B07-4855-B23F-56E8264C8D11}.Debug|Any CPU.ActiveCfg = Debug|Any CPU
		{645F4997-8B07-4855-B23F-56E8264C8D11}.Debug|Any CPU.Build.0 = Debug|Any CPU
		{645F4997-8B07-4855-B23F-56E8264C8D11}.Debug|x64.ActiveCfg = Debug|Any CPU
		{645F4997-8B07-4855-B23F-56E8264C8D11}.Debug|x64.Build.0 = Debug|Any CPU
		{645F4997-8B07-4855-B23F-56E8264C8D11}.Debug|x86.ActiveCfg = Debug|Any CPU
		{645F4997-8B07-4855-B23F-56E8264C8D11}.Debug|x86.Build.0 = Debug|Any CPU
		{645F4997-8B07-4855-B23F-56E8264C8D11}.Release|Any CPU.ActiveCfg = Release|Any CPU
		{645F4997-8B07-4855-B23F-56E8264C8D11}.Release|Any CPU.Build.0 = Release|Any CPU
		{645F4997-8B07-4855-B23F-56E8264C8D11}.Release|x64.ActiveCfg = Release|Any CPU
		{645F4997-8B07-4855-B23F-56E8264C8D11}.Release|x64.Build.0 = Release|Any CPU
		{645F4997-8B07-4855-B23F-56E8264C8D11}.Release|x86.ActiveCfg = Release|Any CPU
		{645F4997-8B07-4855-B23F-56E8264C8D11}.Release|x86.Build.0 = Release|Any CPU
	EndGlobalSection
	GlobalSection(SolutionProperties) = preSolution
		HideSolutionNode = FALSE
	EndGlobalSection
EndGlobal
